# This file is automatically @generated by Cargo.
# It is not intended for manual editing.
version = 3

[[package]]
name = "enum-iterator"
version = "1.2.0"
source = "registry+https://github.com/rust-lang/crates.io-index"
checksum = "91a4ec26efacf4aeff80887a175a419493cb6f8b5480d26387eb0bd038976187"
dependencies = [
 "enum-iterator-derive",
]

[[package]]
name = "enum-iterator-derive"
version = "1.1.0"
source = "registry+https://github.com/rust-lang/crates.io-index"
checksum = "828de45d0ca18782232dfb8f3ea9cc428e8ced380eb26a520baaacfc70de39ce"
dependencies = [
 "proc-macro2",
 "quote",
 "syn",
]

[[package]]
name = "proc-macro2"
version = "1.0.39"
source = "registry+https://github.com/rust-lang/crates.io-index"
checksum = "c54b25569025b7fc9651de43004ae593a75ad88543b17178aa5e1b9c4f15f56f"
dependencies = [
 "unicode-ident",
]

[[package]]
name = "ptr"
version = "0.1.0"

[[package]]
name = "quote"
version = "1.0.18"
source = "registry+https://github.com/rust-lang/crates.io-index"
checksum = "a1feb54ed693b93a84e14094943b84b7c4eae204c512b7ccb95ab0c66d278ad1"
dependencies = [
 "proc-macro2",
]

[[package]]
name = "simple_script"
version = "0.20.0"
dependencies = [
 "enum-iterator",
 "ptr",
 "tfix",
]

[[package]]
name = "syn"
version = "1.0.99"
source = "registry+https://github.com/rust-lang/crates.io-index"
checksum = "58dbef6ec655055e20b86b15a8cc6d439cca19b667537ac6a1369572d151ab13"
dependencies = [
 "proc-macro2",
 "quote",
 "unicode-ident",
]

[[package]]
name = "tfix"
version = "0.1.0"
dependencies = [
 "tfix_derive",
]

[[package]]
name = "tfix_derive"
version = "0.1.0"
dependencies = [
 "proc-macro2",
 "quote",
 "syn",
]

[[package]]
name = "unicode-ident"
version = "1.0.0"
source = "registry+https://github.com/rust-lang/crates.io-index"
checksum = "d22af068fba1eb5edcb4aea19d382b2a3deb4c8f9d475c589b6ada9e0fd493ee"
